// !$*UTF8*$!
{
	archiveVersion = 1;
	classes = {
	};
	objectVersion = 46;
	objects = {

/* Begin PBXBuildFile section */
		4D228C7C9810D44F43F3B0BF /* Pods_Flix.framework in Frameworks */ = {isa = PBXBuildFile; fileRef = 83555928A80BC1E20AB6E705 /* Pods_Flix.framework */; };
		5FC0229426CB017A3424A97A /* Pods_FlixTests.framework in Frameworks */ = {isa = PBXBuildFile; fileRef = 0B0738AA31400A876354D1D1 /* Pods_FlixTests.framework */; };
		CCD572171EFB0E9600554777 /* AppDelegate.swift in Sources */ = {isa = PBXBuildFile; fileRef = CCD572161EFB0E9600554777 /* AppDelegate.swift */; };
		CCD5721C1EFB0E9600554777 /* Main.storyboard in Resources */ = {isa = PBXBuildFile; fileRef = CCD5721A1EFB0E9600554777 /* Main.storyboard */; };
		CCD5721E1EFB0E9600554777 /* Assets.xcassets in Resources */ = {isa = PBXBuildFile; fileRef = CCD5721D1EFB0E9600554777 /* Assets.xcassets */; };
		CCD572211EFB0E9600554777 /* LaunchScreen.storyboard in Resources */ = {isa = PBXBuildFile; fileRef = CCD5721F1EFB0E9600554777 /* LaunchScreen.storyboard */; };
		CCD5722C1EFB0E9600554777 /* FlixTests.swift in Sources */ = {isa = PBXBuildFile; fileRef = CCD5722B1EFB0E9600554777 /* FlixTests.swift */; };
		CCD572371EFB0E9600554777 /* FlixUITests.swift in Sources */ = {isa = PBXBuildFile; fileRef = CCD572361EFB0E9600554777 /* FlixUITests.swift */; };
		CCD572451EFB204100554777 /* NowPlayingViewController.swift in Sources */ = {isa = PBXBuildFile; fileRef = CCD572441EFB204100554777 /* NowPlayingViewController.swift */; };
		CCD572471EFB2ED700554777 /* MovieCell.swift in Sources */ = {isa = PBXBuildFile; fileRef = CCD572461EFB2ED700554777 /* MovieCell.swift */; };
		DA289B7B279FAFB6FBDC9484 /* Pods_FlixUITests.framework in Frameworks */ = {isa = PBXBuildFile; fileRef = D06295DB678F3F58F5C006C3 /* Pods_FlixUITests.framework */; };
/* End PBXBuildFile section */

/* Begin PBXContainerItemProxy section */
		CCD572281EFB0E9600554777 /* PBXContainerItemProxy */ = {
			isa = PBXContainerItemProxy;
			containerPortal = CCD5720B1EFB0E9600554777 /* Project object */;
			proxyType = 1;
			remoteGlobalIDString = CCD572121EFB0E9600554777;
			remoteInfo = Flix;
		};
		CCD572331EFB0E9600554777 /* PBXContainerItemProxy */ = {
			isa = PBXContainerItemProxy;
			containerPortal = CCD5720B1EFB0E9600554777 /* Project object */;
			proxyType = 1;
			remoteGlobalIDString = CCD572121EFB0E9600554777;
			remoteInfo = Flix;
		};
/* End PBXContainerItemProxy section */

/* Begin PBXFileReference section */
		0B0738AA31400A876354D1D1 /* Pods_FlixTests.framework */ = {isa = PBXFileReference; explicitFileType = wrapper.framework; includeInIndex = 0; path = Pods_FlixTests.framework; sourceTree = BUILT_PRODUCTS_DIR; };
		312869ECC4EBAF6B2D004535 /* Pods-Flix.release.xcconfig */ = {isa = PBXFileReference; includeInIndex = 1; lastKnownFileType = text.xcconfig; name = "Pods-Flix.release.xcconfig"; path = "Pods/Target Support Files/Pods-Flix/Pods-Flix.release.xcconfig"; sourceTree = "<group>"; };
		4E5580C1A37AF50EE3BAAA2B /* Pods-FlixTests.release.xcconfig */ = {isa = PBXFileReference; includeInIndex = 1; lastKnownFileType = text.xcconfig; name = "Pods-FlixTests.release.xcconfig"; path = "Pods/Target Support Files/Pods-FlixTests/Pods-FlixTests.release.xcconfig"; sourceTree = "<group>"; };
		83555928A80BC1E20AB6E705 /* Pods_Flix.framework */ = {isa = PBXFileReference; explicitFileType = wrapper.framework; includeInIndex = 0; path = Pods_Flix.framework; sourceTree = BUILT_PRODUCTS_DIR; };
		A0B1A2DF13E6A4EB4CE998EA /* Pods-Flix.debug.xcconfig */ = {isa = PBXFileReference; includeInIndex = 1; lastKnownFileType = text.xcconfig; name = "Pods-Flix.debug.xcconfig"; path = "Pods/Target Support Files/Pods-Flix/Pods-Flix.debug.xcconfig"; sourceTree = "<group>"; };
		C2A296EB3B37A09E6252AA87 /* Pods-FlixTests.debug.xcconfig */ = {isa = PBXFileReference; includeInIndex = 1; lastKnownFileType = text.xcconfig; name = "Pods-FlixTests.debug.xcconfig"; path = "Pods/Target Support Files/Pods-FlixTests/Pods-FlixTests.debug.xcconfig"; sourceTree = "<group>"; };
		CCD572131EFB0E9600554777 /* Flix.app */ = {isa = PBXFileReference; explicitFileType = wrapper.application; includeInIndex = 0; path = Flix.app; sourceTree = BUILT_PRODUCTS_DIR; };
		CCD572161EFB0E9600554777 /* AppDelegate.swift */ = {isa = PBXFileReference; lastKnownFileType = sourcecode.swift; path = AppDelegate.swift; sourceTree = "<group>"; };
		CCD5721B1EFB0E9600554777 /* Base */ = {isa = PBXFileReference; lastKnownFileType = file.storyboard; name = Base; path = Base.lproj/Main.storyboard; sourceTree = "<group>"; };
		CCD5721D1EFB0E9600554777 /* Assets.xcassets */ = {isa = PBXFileReference; lastKnownFileType = folder.assetcatalog; path = Assets.xcassets; sourceTree = "<group>"; };
		CCD572201EFB0E9600554777 /* Base */ = {isa = PBXFileReference; lastKnownFileType = file.storyboard; name = Base; path = Base.lproj/LaunchScreen.storyboard; sourceTree = "<group>"; };
		CCD572221EFB0E9600554777 /* Info.plist */ = {isa = PBXFileReference; lastKnownFileType = text.plist.xml; path = Info.plist; sourceTree = "<group>"; };
		CCD572271EFB0E9600554777 /* FlixTests.xctest */ = {isa = PBXFileReference; explicitFileType = wrapper.cfbundle; includeInIndex = 0; path = FlixTests.xctest; sourceTree = BUILT_PRODUCTS_DIR; };
		CCD5722B1EFB0E9600554777 /* FlixTests.swift */ = {isa = PBXFileReference; lastKnownFileType = sourcecode.swift; path = FlixTests.swift; sourceTree = "<group>"; };
		CCD5722D1EFB0E9600554777 /* Info.plist */ = {isa = PBXFileReference; lastKnownFileType = text.plist.xml; path = Info.plist; sourceTree = "<group>"; };
		CCD572321EFB0E9600554777 /* FlixUITests.xctest */ = {isa = PBXFileReference; explicitFileType = wrapper.cfbundle; includeInIndex = 0; path = FlixUITests.xctest; sourceTree = BUILT_PRODUCTS_DIR; };
		CCD572361EFB0E9600554777 /* FlixUITests.swift */ = {isa = PBXFileReference; lastKnownFileType = sourcecode.swift; path = FlixUITests.swift; sourceTree = "<group>"; };
		CCD572381EFB0E9600554777 /* Info.plist */ = {isa = PBXFileReference; lastKnownFileType = text.plist.xml; path = Info.plist; sourceTree = "<group>"; };
		CCD572441EFB204100554777 /* NowPlayingViewController.swift */ = {isa = PBXFileReference; fileEncoding = 4; lastKnownFileType = sourcecode.swift; path = NowPlayingViewController.swift; sourceTree = "<group>"; };
		CCD572461EFB2ED700554777 /* MovieCell.swift */ = {isa = PBXFileReference; fileEncoding = 4; lastKnownFileType = sourcecode.swift; path = MovieCell.swift; sourceTree = "<group>"; };
		D06295DB678F3F58F5C006C3 /* Pods_FlixUITests.framework */ = {isa = PBXFileReference; explicitFileType = wrapper.framework; includeInIndex = 0; path = Pods_FlixUITests.framework; sourceTree = BUILT_PRODUCTS_DIR; };
		EB9CE9831885C26B68FFB741 /* Pods-FlixUITests.release.xcconfig */ = {isa = PBXFileReference; includeInIndex = 1; lastKnownFileType = text.xcconfig; name = "Pods-FlixUITests.release.xcconfig"; path = "Pods/Target Support Files/Pods-FlixUITests/Pods-FlixUITests.release.xcconfig"; sourceTree = "<group>"; };
		FEA9FE1298DEE6EC2676FC24 /* Pods-FlixUITests.debug.xcconfig */ = {isa = PBXFileReference; includeInIndex = 1; lastKnownFileType = text.xcconfig; name = "Pods-FlixUITests.debug.xcconfig"; path = "Pods/Target Support Files/Pods-FlixUITests/Pods-FlixUITests.debug.xcconfig"; sourceTree = "<group>"; };
/* End PBXFileReference section */

/* Begin PBXFrameworksBuildPhase section */
		CCD572101EFB0E9600554777 /* Frameworks */ = {
			isa = PBXFrameworksBuildPhase;
			buildActionMask = 2147483647;
			files = (
				4D228C7C9810D44F43F3B0BF /* Pods_Flix.framework in Frameworks */,
			);
			runOnlyForDeploymentPostprocessing = 0;
		};
		CCD572241EFB0E9600554777 /* Frameworks */ = {
			isa = PBXFrameworksBuildPhase;
			buildActionMask = 2147483647;
			files = (
				5FC0229426CB017A3424A97A /* Pods_FlixTests.framework in Frameworks */,
			);
			runOnlyForDeploymentPostprocessing = 0;
		};
		CCD5722F1EFB0E9600554777 /* Frameworks */ = {
			isa = PBXFrameworksBuildPhase;
			buildActionMask = 2147483647;
			files = (
				DA289B7B279FAFB6FBDC9484 /* Pods_FlixUITests.framework in Frameworks */,
			);
			runOnlyForDeploymentPostprocessing = 0;
		};
/* End PBXFrameworksBuildPhase section */

/* Begin PBXGroup section */
		41FDB820559135DF24B4E537 /* Pods */ = {
			isa = PBXGroup;
			children = (
				A0B1A2DF13E6A4EB4CE998EA /* Pods-Flix.debug.xcconfig */,
				312869ECC4EBAF6B2D004535 /* Pods-Flix.release.xcconfig */,
				C2A296EB3B37A09E6252AA87 /* Pods-FlixTests.debug.xcconfig */,
				4E5580C1A37AF50EE3BAAA2B /* Pods-FlixTests.release.xcconfig */,
				FEA9FE1298DEE6EC2676FC24 /* Pods-FlixUITests.debug.xcconfig */,
				EB9CE9831885C26B68FFB741 /* Pods-FlixUITests.release.xcconfig */,
			);
			name = Pods;
			sourceTree = "<group>";
		};
		B1AF308DBC1C5F3C4347F793 /* Frameworks */ = {
			isa = PBXGroup;
			children = (
				83555928A80BC1E20AB6E705 /* Pods_Flix.framework */,
				0B0738AA31400A876354D1D1 /* Pods_FlixTests.framework */,
				D06295DB678F3F58F5C006C3 /* Pods_FlixUITests.framework */,
			);
			name = Frameworks;
			sourceTree = "<group>";
		};
		CCD5720A1EFB0E9600554777 = {
			isa = PBXGroup;
			children = (
				CCD572151EFB0E9600554777 /* Flix */,
				CCD5722A1EFB0E9600554777 /* FlixTests */,
				CCD572351EFB0E9600554777 /* FlixUITests */,
				CCD572141EFB0E9600554777 /* Products */,
				41FDB820559135DF24B4E537 /* Pods */,
				B1AF308DBC1C5F3C4347F793 /* Frameworks */,
			);
			sourceTree = "<group>";
		};
		CCD572141EFB0E9600554777 /* Products */ = {
			isa = PBXGroup;
			children = (
				CCD572131EFB0E9600554777 /* Flix.app */,
				CCD572271EFB0E9600554777 /* FlixTests.xctest */,
				CCD572321EFB0E9600554777 /* FlixUITests.xctest */,
			);
			name = Products;
			sourceTree = "<group>";
		};
		CCD572151EFB0E9600554777 /* Flix */ = {
			isa = PBXGroup;
			children = (
				CCD572441EFB204100554777 /* NowPlayingViewController.swift */,
				CCD572161EFB0E9600554777 /* AppDelegate.swift */,
				CCD5721A1EFB0E9600554777 /* Main.storyboard */,
				CCD5721D1EFB0E9600554777 /* Assets.xcassets */,
				CCD5721F1EFB0E9600554777 /* LaunchScreen.storyboard */,
				CCD572221EFB0E9600554777 /* Info.plist */,
				CCD572461EFB2ED700554777 /* MovieCell.swift */,
			);
			path = Flix;
			sourceTree = "<group>";
		};
		CCD5722A1EFB0E9600554777 /* FlixTests */ = {
			isa = PBXGroup;
			children = (
				CCD5722B1EFB0E9600554777 /* FlixTests.swift */,
				CCD5722D1EFB0E9600554777 /* Info.plist */,
			);
			path = FlixTests;
			sourceTree = "<group>";
		};
		CCD572351EFB0E9600554777 /* FlixUITests */ = {
			isa = PBXGroup;
			children = (
				CCD572361EFB0E9600554777 /* FlixUITests.swift */,
				CCD572381EFB0E9600554777 /* Info.plist */,
			);
			path = FlixUITests;
			sourceTree = "<group>";
		};
/* End PBXGroup section */

/* Begin PBXNativeTarget section */
		CCD572121EFB0E9600554777 /* Flix */ = {
			isa = PBXNativeTarget;
			buildConfigurationList = CCD5723B1EFB0E9600554777 /* Build configuration list for PBXNativeTarget "Flix" */;
			buildPhases = (
				0CCCE0C60EAFE1CF2A52B873 /* [CP] Check Pods Manifest.lock */,
				CCD5720F1EFB0E9600554777 /* Sources */,
				CCD572101EFB0E9600554777 /* Frameworks */,
				CCD572111EFB0E9600554777 /* Resources */,
				0325E6C089FD434F12EC3311 /* [CP] Embed Pods Frameworks */,
				82EB717B216D5579C3CAF5B1 /* [CP] Copy Pods Resources */,
			);
			buildRules = (
			);
			dependencies = (
			);
			name = Flix;
			productName = Flix;
			productReference = CCD572131EFB0E9600554777 /* Flix.app */;
			productType = "com.apple.product-type.application";
		};
		CCD572261EFB0E9600554777 /* FlixTests */ = {
			isa = PBXNativeTarget;
			buildConfigurationList = CCD5723E1EFB0E9600554777 /* Build configuration list for PBXNativeTarget "FlixTests" */;
			buildPhases = (
				3253B07879C325F0250552B0 /* [CP] Check Pods Manifest.lock */,
				CCD572231EFB0E9600554777 /* Sources */,
				CCD572241EFB0E9600554777 /* Frameworks */,
				CCD572251EFB0E9600554777 /* Resources */,
				9BA76D19B159BA05E840A0D1 /* [CP] Embed Pods Frameworks */,
				E864791A9C7B9C72552357F7 /* [CP] Copy Pods Resources */,
			);
			buildRules = (
			);
			dependencies = (
				CCD572291EFB0E9600554777 /* PBXTargetDependency */,
			);
			name = FlixTests;
			productName = FlixTests;
			productReference = CCD572271EFB0E9600554777 /* FlixTests.xctest */;
			productType = "com.apple.product-type.bundle.unit-test";
		};
		CCD572311EFB0E9600554777 /* FlixUITests */ = {
			isa = PBXNativeTarget;
			buildConfigurationList = CCD572411EFB0E9600554777 /* Build configuration list for PBXNativeTarget "FlixUITests" */;
			buildPhases = (
				6A50B3A856BA0833AF0FDFAD /* [CP] Check Pods Manifest.lock */,
				CCD5722E1EFB0E9600554777 /* Sources */,
				CCD5722F1EFB0E9600554777 /* Frameworks */,
				CCD572301EFB0E9600554777 /* Resources */,
				32C8FB3CD4DF62999E6A282A /* [CP] Embed Pods Frameworks */,
				F98D1360611F0F0FC5E0C359 /* [CP] Copy Pods Resources */,
			);
			buildRules = (
			);
			dependencies = (
				CCD572341EFB0E9600554777 /* PBXTargetDependency */,
			);
			name = FlixUITests;
			productName = FlixUITests;
			productReference = CCD572321EFB0E9600554777 /* FlixUITests.xctest */;
			productType = "com.apple.product-type.bundle.ui-testing";
		};
/* End PBXNativeTarget section */

/* Begin PBXProject section */
		CCD5720B1EFB0E9600554777 /* Project object */ = {
			isa = PBXProject;
			attributes = {
				LastSwiftUpdateCheck = 0830;
				LastUpgradeCheck = 0830;
				ORGANIZATIONNAME = "Michael Hamlett";
				TargetAttributes = {
					CCD572121EFB0E9600554777 = {
						CreatedOnToolsVersion = 8.3.3;
						ProvisioningStyle = Automatic;
					};
					CCD572261EFB0E9600554777 = {
						CreatedOnToolsVersion = 8.3.3;
						ProvisioningStyle = Automatic;
						TestTargetID = CCD572121EFB0E9600554777;
					};
					CCD572311EFB0E9600554777 = {
						CreatedOnToolsVersion = 8.3.3;
						ProvisioningStyle = Automatic;
						TestTargetID = CCD572121EFB0E9600554777;
					};
				};
			};
			buildConfigurationList = CCD5720E1EFB0E9600554777 /* Build configuration list for PBXProject "Flix" */;
			compatibilityVersion = "Xcode 3.2";
			developmentRegion = English;
			hasScannedForEncodings = 0;
			knownRegions = (
				en,
				Base,
			);
			mainGroup = CCD5720A1EFB0E9600554777;
			productRefGroup = CCD572141EFB0E9600554777 /* Products */;
			projectDirPath = "";
			projectRoot = "";
			targets = (
				CCD572121EFB0E9600554777 /* Flix */,
				CCD572261EFB0E9600554777 /* FlixTests */,
				CCD572311EFB0E9600554777 /* FlixUITests */,
			);
		};
/* End PBXProject section */

/* Begin PBXResourcesBuildPhase section */
		CCD572111EFB0E9600554777 /* Resources */ = {
			isa = PBXResourcesBuildPhase;
			buildActionMask = 2147483647;
			files = (
				CCD572211EFB0E9600554777 /* LaunchScreen.storyboard in Resources */,
				CCD5721E1EFB0E9600554777 /* Assets.xcassets in Resources */,
				CCD5721C1EFB0E9600554777 /* Main.storyboard in Resources */,
			);
			runOnlyForDeploymentPostprocessing = 0;
		};
		CCD572251EFB0E9600554777 /* Resources */ = {
			isa = PBXResourcesBuildPhase;
			buildActionMask = 2147483647;
			files = (
			);
			runOnlyForDeploymentPostprocessing = 0;
		};
		CCD572301EFB0E9600554777 /* Resources */ = {
			isa = PBXResourcesBuildPhase;
			buildActionMask = 2147483647;
			files = (
			);
			runOnlyForDeploymentPostprocessing = 0;
		};
/* End PBXResourcesBuildPhase section */

/* Begin PBXShellScriptBuildPhase section */
		0325E6C089FD434F12EC3311 /* [CP] Embed Pods Frameworks */ = {
			isa = PBXShellScriptBuildPhase;
			buildActionMask = 2147483647;
			files = (
			);
			inputPaths = (
			);
			name = "[CP] Embed Pods Frameworks";
			outputPaths = (
			);
			runOnlyForDeploymentPostprocessing = 0;
			shellPath = /bin/sh;
			shellScript = "\"${SRCROOT}/Pods/Target Support Files/Pods-Flix/Pods-Flix-frameworks.sh\"\n";
			showEnvVarsInLog = 0;
		};
		0CCCE0C60EAFE1CF2A52B873 /* [CP] Check Pods Manifest.lock */ = {
			isa = PBXShellScriptBuildPhase;
			buildActionMask = 2147483647;
			files = (
			);
			inputPaths = (
			);
			name = "[CP] Check Pods Manifest.lock";
			outputPaths = (
			);
			runOnlyForDeploymentPostprocessing = 0;
			shellPath = /bin/sh;
			shellScript = "diff \"${PODS_PODFILE_DIR_PATH}/Podfile.lock\" \"${PODS_ROOT}/Manifest.lock\" > /dev/null\nif [ $? != 0 ] ; then\n    # print error to STDERR\n    echo \"error: The sandbox is not in sync with the Podfile.lock. Run 'pod install' or update your CocoaPods installation.\" >&2\n    exit 1\nfi\n";
			showEnvVarsInLog = 0;
		};
		3253B07879C325F0250552B0 /* [CP] Check Pods Manifest.lock */ = {
			isa = PBXShellScriptBuildPhase;
			buildActionMask = 2147483647;
			files = (
			);
			inputPaths = (
			);
			name = "[CP] Check Pods Manifest.lock";
			outputPaths = (
			);
			runOnlyForDeploymentPostprocessing = 0;
			shellPath = /bin/sh;
			shellScript = "diff \"${PODS_PODFILE_DIR_PATH}/Podfile.lock\" \"${PODS_ROOT}/Manifest.lock\" > /dev/null\nif [ $? != 0 ] ; then\n    # print error to STDERR\n    echo \"error: The sandbox is not in sync with the Podfile.lock. Run 'pod install' or update your CocoaPods installation.\" >&2\n    exit 1\nfi\n";
			showEnvVarsInLog = 0;
		};
		32C8FB3CD4DF62999E6A282A /* [CP] Embed Pods Frameworks */ = {
			isa = PBXShellScriptBuildPhase;
			buildActionMask = 2147483647;
			files = (
			);
			inputPaths = (
			);
			name = "[CP] Embed Pods Frameworks";
			outputPaths = (
			);
			runOnlyForDeploymentPostprocessing = 0;
			shellPath = /bin/sh;
			shellScript = "\"${SRCROOT}/Pods/Target Support Files/Pods-FlixUITests/Pods-FlixUITests-frameworks.sh\"\n";
			showEnvVarsInLog = 0;
		};
		6A50B3A856BA0833AF0FDFAD /* [CP] Check Pods Manifest.lock */ = {
			isa = PBXShellScriptBuildPhase;
			buildActionMask = 2147483647;
			files = (
			);
			inputPaths = (
			);
			name = "[CP] Check Pods Manifest.lock";
			outputPaths = (
			);
			runOnlyForDeploymentPostprocessing = 0;
			shellPath = /bin/sh;
			shellScript = "diff \"${PODS_PODFILE_DIR_PATH}/Podfile.lock\" \"${PODS_ROOT}/Manifest.lock\" > /dev/null\nif [ $? != 0 ] ; then\n    # print error to STDERR\n    echo \"error: The sandbox is not in sync with the Podfile.lock. Run 'pod install' or update your CocoaPods installation.\" >&2\n    exit 1\nfi\n";
			showEnvVarsInLog = 0;
		};
		82EB717B216D5579C3CAF5B1 /* [CP] Copy Pods Resources */ = {
			isa = PBXShellScriptBuildPhase;
			buildActionMask = 2147483647;
			files = (
			);
			inputPaths = (
			);
			name = "[CP] Copy Pods Resources";
			outputPaths = (
			);
			runOnlyForDeploymentPostprocessing = 0;
			shellPath = /bin/sh;
			shellScript = "\"${SRCROOT}/Pods/Target Support Files/Pods-Flix/Pods-Flix-resources.sh\"\n";
			showEnvVarsInLog = 0;
		};
		9BA76D19B159BA05E840A0D1 /* [CP] Embed Pods Frameworks */ = {
			isa = PBXShellScriptBuildPhase;
			buildActionMask = 2147483647;
			files = (
			);
			inputPaths = (
			);
			name = "[CP] Embed Pods Frameworks";
			outputPaths = (
			);
			runOnlyForDeploymentPostprocessing = 0;
			shellPath = /bin/sh;
			shellScript = "\"${SRCROOT}/Pods/Target Support Files/Pods-FlixTests/Pods-FlixTests-frameworks.sh\"\n";
			showEnvVarsInLog = 0;
		};
		E864791A9C7B9C72552357F7 /* [CP] Copy Pods Resources */ = {
			isa = PBXShellScriptBuildPhase;
			buildActionMask = 2147483647;
			files = (
			);
			inputPaths = (
			);
			name = "[CP] Copy Pods Resources";
			outputPaths = (
			);
			runOnlyForDeploymentPostprocessing = 0;
			shellPath = /bin/sh;
			shellScript = "\"${SRCROOT}/Pods/Target Support Files/Pods-FlixTests/Pods-FlixTests-resources.sh\"\n";
			showEnvVarsInLog = 0;
		};
		F98D1360611F0F0FC5E0C359 /* [CP] Copy Pods Resources */ = {
			isa = PBXShellScriptBuildPhase;
			buildActionMask = 2147483647;
			files = (
			);
			inputPaths = (
			);
			name = "[CP] Copy Pods Resources";
			outputPaths = (
			);
			runOnlyForDeploymentPostprocessing = 0;
			shellPath = /bin/sh;
			shellScript = "\"${SRCROOT}/Pods/Target Support Files/Pods-FlixUITests/Pods-FlixUITests-resources.sh\"\n";
			showEnvVarsInLog = 0;
		};
/* End PBXShellScriptBuildPhase section */

/* Begin PBXSourcesBuildPhase section */
		CCD5720F1EFB0E9600554777 /* Sources */ = {
			isa = PBXSourcesBuildPhase;
			buildActionMask = 2147483647;
			files = (
				CCD572451EFB204100554777 /* NowPlayingViewController.swift in Sources */,
				CCD572171EFB0E9600554777 /* AppDelegate.swift in Sources */,
				CCD572471EFB2ED700554777 /* MovieCell.swift in Sources */,
			);
			runOnlyForDeploymentPostprocessing = 0;
		};
		CCD572231EFB0E9600554777 /* Sources */ = {
			isa = PBXSourcesBuildPhase;
			buildActionMask = 2147483647;
			files = (
				CCD5722C1EFB0E9600554777 /* FlixTests.swift in Sources */,
			);
			runOnlyForDeploymentPostprocessing = 0;
		};
		CCD5722E1EFB0E9600554777 /* Sources */ = {
			isa = PBXSourcesBuildPhase;
			buildActionMask = 2147483647;
			files = (
				CCD572371EFB0E9600554777 /* FlixUITests.swift in Sources */,
			);
			runOnlyForDeploymentPostprocessing = 0;
		};
/* End PBXSourcesBuildPhase section */

/* Begin PBXTargetDependency section */
		CCD572291EFB0E9600554777 /* PBXTargetDependency */ = {
			isa = PBXTargetDependency;
			target = CCD572121EFB0E9600554777 /* Flix */;
			targetProxy = CCD572281EFB0E9600554777 /* PBXContainerItemProxy */;
		};
		CCD572341EFB0E9600554777 /* PBXTargetDependency */ = {
			isa = PBXTargetDependency;
			target = CCD572121EFB0E9600554777 /* Flix */;
			targetProxy = CCD572331EFB0E9600554777 /* PBXContainerItemProxy */;
		};
/* End PBXTargetDependency section */

/* Begin PBXVariantGroup section */
		CCD5721A1EFB0E9600554777 /* Main.storyboard */ = {
			isa = PBXVariantGroup;
			children = (
				CCD5721B1EFB0E9600554777 /* Base */,
			);
			name = Main.storyboard;
			sourceTree = "<group>";
		};
		CCD5721F1EFB0E9600554777 /* LaunchScreen.storyboard */ = {
			isa = PBXVariantGroup;
			children = (
				CCD572201EFB0E9600554777 /* Base */,
			);
			name = LaunchScreen.storyboard;
			sourceTree = "<group>";
		};
/* End PBXVariantGroup section */

/* Begin XCBuildConfiguration section */
		CCD572391EFB0E9600554777 /* Debug */ = {
			isa = XCBuildConfiguration;
			buildSettings = {
				ALWAYS_SEARCH_USER_PATHS = NO;
				CLANG_ANALYZER_NONNULL = YES;
				CLANG_ANALYZER_NUMBER_OBJECT_CONVERSION = YES_AGGRESSIVE;
				CLANG_CXX_LANGUAGE_STANDARD = "gnu++0x";
				CLANG_CXX_LIBRARY = "libc++";
				CLANG_ENABLE_MODULES = YES;
				CLANG_ENABLE_OBJC_ARC = YES;
				CLANG_WARN_BOOL_CONVERSION = YES;
				CLANG_WARN_CONSTANT_CONVERSION = YES;
				CLANG_WARN_DIRECT_OBJC_ISA_USAGE = YES_ERROR;
				CLANG_WARN_DOCUMENTATION_COMMENTS = YES;
				CLANG_WARN_EMPTY_BODY = YES;
				CLANG_WARN_ENUM_CONVERSION = YES;
				CLANG_WARN_INFINITE_RECURSION = YES;
				CLANG_WARN_INT_CONVERSION = YES;
				CLANG_WARN_OBJC_ROOT_CLASS = YES_ERROR;
				CLANG_WARN_SUSPICIOUS_MOVE = YES;
				CLANG_WARN_UNREACHABLE_CODE = YES;
				CLANG_WARN__DUPLICATE_METHOD_MATCH = YES;
				"CODE_SIGN_IDENTITY[sdk=iphoneos*]" = "iPhone Developer";
				COPY_PHASE_STRIP = NO;
				DEBUG_INFORMATION_FORMAT = dwarf;
				ENABLE_STRICT_OBJC_MSGSEND = YES;
				ENABLE_TESTABILITY = YES;
				GCC_C_LANGUAGE_STANDARD = gnu99;
				GCC_DYNAMIC_NO_PIC = NO;
				GCC_NO_COMMON_BLOCKS = YES;
				GCC_OPTIMIZATION_LEVEL = 0;
				GCC_PREPROCESSOR_DEFINITIONS = (
					"DEBUG=1",
					"$(inherited)",
				);
				GCC_WARN_64_TO_32_BIT_CONVERSION = YES;
				GCC_WARN_ABOUT_RETURN_TYPE = YES_ERROR;
				GCC_WARN_UNDECLARED_SELECTOR = YES;
				GCC_WARN_UNINITIALIZED_AUTOS = YES_AGGRESSIVE;
				GCC_WARN_UNUSED_FUNCTION = YES;
				GCC_WARN_UNUSED_VARIABLE = YES;
				IPHONEOS_DEPLOYMENT_TARGET = 10.3;
				MTL_ENABLE_DEBUG_INFO = YES;
				ONLY_ACTIVE_ARCH = YES;
				SDKROOT = iphoneos;
				SWIFT_ACTIVE_COMPILATION_CONDITIONS = DEBUG;
				SWIFT_OPTIMIZATION_LEVEL = "-Onone";
			};
			name = Debug;
		};
		CCD5723A1EFB0E9600554777 /* Release */ = {
			isa = XCBuildConfiguration;
			buildSettings = {
				ALWAYS_SEARCH_USER_PATHS = NO;
				CLANG_ANALYZER_NONNULL = YES;
				CLANG_ANALYZER_NUMBER_OBJECT_CONVERSION = YES_AGGRESSIVE;
				CLANG_CXX_LANGUAGE_STANDARD = "gnu++0x";
				CLANG_CXX_LIBRARY = "libc++";
				CLANG_ENABLE_MODULES = YES;
				CLANG_ENABLE_OBJC_ARC = YES;
				CLANG_WARN_BOOL_CONVERSION = YES;
				CLANG_WARN_CONSTANT_CONVERSION = YES;
				CLANG_WARN_DIRECT_OBJC_ISA_USAGE = YES_ERROR;
				CLANG_WARN_DOCUMENTATION_COMMENTS = YES;
				CLANG_WARN_EMPTY_BODY = YES;
				CLANG_WARN_ENUM_CONVERSION = YES;
				CLANG_WARN_INFINITE_RECURSION = YES;
				CLANG_WARN_INT_CONVERSION = YES;
				CLANG_WARN_OBJC_ROOT_CLASS = YES_ERROR;
				CLANG_WARN_SUSPICIOUS_MOVE = YES;
				CLANG_WARN_UNREACHABLE_CODE = YES;
				CLANG_WARN__DUPLICATE_METHOD_MATCH = YES;
				"CODE_SIGN_IDENTITY[sdk=iphoneos*]" = "iPhone Developer";
				COPY_PHASE_STRIP = NO;
				DEBUG_INFORMATION_FORMAT = "dwarf-with-dsym";
				ENABLE_NS_ASSERTIONS = NO;
				ENABLE_STRICT_OBJC_MSGSEND = YES;
				GCC_C_LANGUAGE_STANDARD = gnu99;
				GCC_NO_COMMON_BLOCKS = YES;
				GCC_WARN_64_TO_32_BIT_CONVERSION = YES;
				GCC_WARN_ABOUT_RETURN_TYPE = YES_ERROR;
				GCC_WARN_UNDECLARED_SELECTOR = YES;
				GCC_WARN_UNINITIALIZED_AUTOS = YES_AGGRESSIVE;
				GCC_WARN_UNUSED_FUNCTION = YES;
				GCC_WARN_UNUSED_VARIABLE = YES;
				IPHONEOS_DEPLOYMENT_TARGET = 10.3;
				MTL_ENABLE_DEBUG_INFO = NO;
				SDKROOT = iphoneos;
				SWIFT_OPTIMIZATION_LEVEL = "-Owholemodule";
				VALIDATE_PRODUCT = YES;
			};
			name = Release;
		};
		CCD5723C1EFB0E9600554777 /* Debug */ = {
			isa = XCBuildConfiguration;
			baseConfigurationReference = A0B1A2DF13E6A4EB4CE998EA /* Pods-Flix.debug.xcconfig */;
			buildSettings = {
				ASSETCATALOG_COMPILER_APPICON_NAME = AppIcon;
				INFOPLIST_FILE = Flix/Info.plist;
				LD_RUNPATH_SEARCH_PATHS = "$(inherited) @executable_path/Frameworks";
				PRODUCT_BUNDLE_IDENTIFIER = com.Hamlett.FBU.Flix;
				PRODUCT_NAME = "$(TARGET_NAME)";
				SWIFT_VERSION = 3.0;
			};
			name = Debug;
		};
		CCD5723D1EFB0E9600554777 /* Release */ = {
			isa = XCBuildConfiguration;
			baseConfigurationReference = 312869ECC4EBAF6B2D004535 /* Pods-Flix.release.xcconfig */;
			buildSettings = {
				ASSETCATALOG_COMPILER_APPICON_NAME = AppIcon;
				INFOPLIST_FILE = Flix/Info.plist;
				LD_RUNPATH_SEARCH_PATHS = "$(inherited) @executable_path/Frameworks";
				PRODUCT_BUNDLE_IDENTIFIER = com.Hamlett.FBU.Flix;
				PRODUCT_NAME = "$(TARGET_NAME)";
				SWIFT_VERSION = 3.0;
			};
			name = Release;
		};
		CCD5723F1EFB0E9600554777 /* Debug */ = {
			isa = XCBuildConfiguration;
			baseConfigurationReference = C2A296EB3B37A09E6252AA87 /* Pods-FlixTests.debug.xcconfig */;
			buildSettings = {
				ALWAYS_EMBED_SWIFT_STANDARD_LIBRARIES = YES;
				BUNDLE_LOADER = "$(TEST_HOST)";
				INFOPLIST_FILE = FlixTests/Info.plist;
				LD_RUNPATH_SEARCH_PATHS = "$(inherited) @executable_path/Frameworks @loader_path/Frameworks";
				PRODUCT_BUNDLE_IDENTIFIER = com.Hamlett.FBU.FlixTests;
				PRODUCT_NAME = "$(TARGET_NAME)";
				SWIFT_VERSION = 3.0;
				TEST_HOST = "$(BUILT_PRODUCTS_DIR)/Flix.app/Flix";
			};
			name = Debug;
		};
		CCD572401EFB0E9600554777 /* Release */ = {
			isa = XCBuildConfiguration;
			baseConfigurationReference = 4E5580C1A37AF50EE3BAAA2B /* Pods-FlixTests.release.xcconfig */;
			buildSettings = {
				ALWAYS_EMBED_SWIFT_STANDARD_LIBRARIES = YES;
				BUNDLE_LOADER = "$(TEST_HOST)";
				INFOPLIST_FILE = FlixTests/Info.plist;
				LD_RUNPATH_SEARCH_PATHS = "$(inherited) @executable_path/Frameworks @loader_path/Frameworks";
				PRODUCT_BUNDLE_IDENTIFIER = com.Hamlett.FBU.FlixTests;
				PRODUCT_NAME = "$(TARGET_NAME)";
				SWIFT_VERSION = 3.0;
				TEST_HOST = "$(BUILT_PRODUCTS_DIR)/Flix.app/Flix";
			};
			name = Release;
		};
		CCD572421EFB0E9600554777 /* Debug */ = {
			isa = XCBuildConfiguration;
			baseConfigurationReference = FEA9FE1298DEE6EC2676FC24 /* Pods-FlixUITests.debug.xcconfig */;
			buildSettings = {
				ALWAYS_EMBED_SWIFT_STANDARD_LIBRARIES = YES;
				INFOPLIST_FILE = FlixUITests/Info.plist;
				LD_RUNPATH_SEARCH_PATHS = "$(inherited) @executable_path/Frameworks @loader_path/Frameworks";
				PRODUCT_BUNDLE_IDENTIFIER = com.Hamlett.FBU.FlixUITests;
				PRODUCT_NAME = "$(TARGET_NAME)";
				SWIFT_VERSION = 3.0;
				TEST_TARGET_NAME = Flix;
			};
			name = Debug;
		};
		CCD572431EFB0E9600554777 /* Release */ = {
			isa = XCBuildConfiguration;
			baseConfigurationReference = EB9CE9831885C26B68FFB741 /* Pods-FlixUITests.release.xcconfig */;
			buildSettings = {
				ALWAYS_EMBED_SWIFT_STANDARD_LIBRARIES = YES;
				INFOPLIST_FILE = FlixUITests/Info.plist;
				LD_RUNPATH_SEARCH_PATHS = "$(inherited) @executable_path/Frameworks @loader_path/Frameworks";
				PRODUCT_BUNDLE_IDENTIFIER = com.Hamlett.FBU.FlixUITests;
				PRODUCT_NAME = "$(TARGET_NAME)";
				SWIFT_VERSION = 3.0;
				TEST_TARGET_NAME = Flix;
			};
			name = Release;
		};
/* End XCBuildConfiguration section */

/* Begin XCConfigurationList section */
		CCD5720E1EFB0E9600554777 /* Build configuration list for PBXProject "Flix" */ = {
			isa = XCConfigurationList;
			buildConfigurations = (
				CCD572391EFB0E9600554777 /* Debug */,
				CCD5723A1EFB0E9600554777 /* Release */,
			);
			defaultConfigurationIsVisible = 0;
			defaultConfigurationName = Release;
		};
		CCD5723B1EFB0E9600554777 /* Build configuration list for PBXNativeTarget "Flix" */ = {
			isa = XCConfigurationList;
			buildConfigurations = (
				CCD5723C1EFB0E9600554777 /* Debug */,
				CCD5723D1EFB0E9600554777 /* Release */,
			);
			defaultConfigurationIsVisible = 0;
		};
		CCD5723E1EFB0E9600554777 /* Build configuration list for PBXNativeTarget "FlixTests" */ = {
			isa = XCConfigurationList;
			buildConfigurations = (
				CCD5723F1EFB0E9600554777 /* Debug */,
				CCD572401EFB0E9600554777 /* Release */,
			);
			defaultConfigurationIsVisible = 0;
		};
		CCD572411EFB0E9600554777 /* Build configuration list for PBXNativeTarget "FlixUITests" */ = {
			isa = XCConfigurationList;
			buildConfigurations = (
				CCD572421EFB0E9600554777 /* Debug */,
				CCD572431EFB0E9600554777 /* Release */,
			);
			defaultConfigurationIsVisible = 0;
		};
/* End XCConfigurationList section */
	};
	rootObject = CCD5720B1EFB0E9600554777 /* Project object */;
}
